{
  "name": "https://github.com/Kerfinaprian/CICD_Jenkins_Kerfin_Aprian_P-8-PPML.git",
  "version": "1.0.0",
  "lockfileVersion": 3,
  "requires": true,
  "packages": {
    "": {
      "name": "https://github.com/Kerfinaprian/CICD_Jenkins_Kerfin_Aprian_P-8-PPML.git",
      "version": "1.0.0",
      "license": "ISC"
    }
  }
}
